
Microsoft Visual Studio Solution File, Format Version 12.00
# Visual Studio Version 17
VisualStudioVersion = 17.4.33213.308
MinimumVisualStudioVersion = 10.0.40219.1
Project("{FAE04EC0-301F-11D3-BF4B-00C04F79EFBC}") = "Bootstrap_1", "Bootstrap_1\Bootstrap_1.csproj", "{DAA72B7F-91DF-4BA2-B57B-4C9DE3DE294D}"
EndProject
Global
	GlobalSection(SolutionConfigurationPlatforms) = preSolution
		Debug|Any CPU = Debug|Any CPU
		Release|Any CPU = Release|Any CPU
	EndGlobalSection
	GlobalSection(ProjectConfigurationPlatforms) = postSolution
		{DAA72B7F-91DF-4BA2-B57B-4C9DE3DE294D}.Debug|Any CPU.ActiveCfg = Debug|Any CPU
		{DAA72B7F-91DF-4BA2-B57B-4C9DE3DE294D}.Debug|Any CPU.Build.0 = Debug|Any CPU
		{DAA72B7F-91DF-4BA2-B57B-4C9DE3DE294D}.Release|Any CPU.ActiveCfg = Release|Any CPU
		{DAA72B7F-91DF-4BA2-B57B-4C9DE3DE294D}.Release|Any CPU.Build.0 = Release|Any CPU
	EndGlobalSection
	GlobalSection(SolutionProperties) = preSolution
		HideSolutionNode = FALSE
	EndGlobalSection
	GlobalSection(ExtensibilityGlobals) = postSolution
		SolutionGuid = {220528FA-4CB1-491D-B350-C17DFAEAA0B9}
	EndGlobalSection
EndGlobal
